# generated by rye
# use `rye lock` or `rye sync` to update this lockfile
#
# last locked with the following flags:
#   pre: false
#   features: []
#   all-features: false
#   with-sources: false

-e file:.
aiohttp==3.9.0
    # via aglog
    # via aioresponses
aioresponses==0.7.6
aiosignal==1.3.1
    # via aiohttp
appnope==0.1.3
    # via ipykernel
    # via ipython
asttokens==2.4.1
    # via stack-data
async-timeout==4.0.3
    # via aiohttp
attrs==23.1.0
    # via aiohttp
comm==0.2.0
    # via ipykernel
coverage==7.3.2
    # via pytest-cov
debugpy==1.8.0
    # via ipykernel
decorator==5.1.1
    # via ipython
exceptiongroup==1.2.0
    # via ipython
    # via pytest
executing==2.0.1
    # via stack-data
freezegun==1.4.0
frozenlist==1.4.0
    # via aiohttp
    # via aiosignal
idna==3.4
    # via yarl
iniconfig==2.0.0
    # via pytest
ipykernel==6.29.2
ipython==8.17.2
    # via ipykernel
jedi==0.19.1
    # via ipython
jupyter-client==8.6.0
    # via ipykernel
jupyter-core==5.5.0
    # via ipykernel
    # via jupyter-client
matplotlib-inline==0.1.6
    # via ipykernel
    # via ipython
multidict==6.0.4
    # via aiohttp
    # via yarl
nest-asyncio==1.5.8
    # via ipykernel
nodeenv==1.8.0
    # via pyright
packaging==23.2
    # via ipykernel
    # via pytest
parso==0.8.3
    # via jedi
pexpect==4.8.0
    # via ipython
platformdirs==4.0.0
    # via jupyter-core
pluggy==1.3.0
    # via pytest
prompt-toolkit==3.0.40
    # via ipython
psutil==5.9.6
    # via ipykernel
ptyprocess==0.7.0
    # via pexpect
pure-eval==0.2.2
    # via stack-data
pygments==2.16.1
    # via aglog
    # via ipython
pyright==1.1.354
pytest==7.4.3
    # via pytest-asyncio
    # via pytest-cov
pytest-asyncio==0.23.5
pytest-cov==4.1.0
python-dateutil==2.8.2
    # via freezegun
    # via jupyter-client
python-dotenv==1.0.0
pyyaml==6.0.1
    # via aglog
pyzmq==25.1.1
    # via ipykernel
    # via jupyter-client
ruff==0.3.3
setuptools==69.0.2
    # via nodeenv
six==1.16.0
    # via asttokens
    # via python-dateutil
stack-data==0.6.3
    # via ipython
tomli==2.0.1
    # via coverage
    # via pytest
tornado==6.3.3
    # via ipykernel
    # via jupyter-client
traitlets==5.13.0
    # via comm
    # via ipykernel
    # via ipython
    # via jupyter-client
    # via jupyter-core
    # via matplotlib-inline
typing-extensions==4.8.0
    # via aglog
wcwidth==0.2.9
    # via prompt-toolkit
yarl==1.9.2
    # via aiohttp
