# generated by rye
# use `rye lock` or `rye sync` to update this lockfile
#
# last locked with the following flags:
#   pre: false
#   features: []
#   all-features: false
#   with-sources: false

-e file:.
annotated-types==0.6.0
    # via pydantic
iniconfig==2.0.0
    # via pytest
packaging==24.0
    # via pytest
pluggy==1.4.0
    # via pytest
pydantic==2.6.4
    # via py-code-grapher
pydantic-core==2.16.3
    # via pydantic
pytest==8.1.1
ruff==0.3.2
typing-extensions==4.10.0
    # via pydantic
    # via pydantic-core
